// !$*UTF8*$!
{
	archiveVersion = 1;
	classes = {
	};
	objectVersion = 46;
	objects = {

/* Begin PBXBuildFile section */
		6FA38E4423582AD300193755 /* HTTPHeaders.swift in Sources */ = {isa = PBXBuildFile; fileRef = 6FA38E0223582AD300193755 /* HTTPHeaders.swift */; };
		6FA38E4523582AD300193755 /* HTTPURLResponse.swift in Sources */ = {isa = PBXBuildFile; fileRef = 6FA38E0323582AD300193755 /* HTTPURLResponse.swift */; };
		6FA38E4623582AD300193755 /* DarklyService.swift in Sources */ = {isa = PBXBuildFile; fileRef = 6FA38E0423582AD300193755 /* DarklyService.swift */; };
		6FA38E4723582AD300193755 /* HTTPURLRequest.swift in Sources */ = {isa = PBXBuildFile; fileRef = 6FA38E0523582AD300193755 /* HTTPURLRequest.swift */; };
		6FA38E4823582AD300193755 /* LDClient.swift in Sources */ = {isa = PBXBuildFile; fileRef = 6FA38E0623582AD300193755 /* LDClient.swift */; };
		6FA38E4923582AD300193755 /* ErrorObserver.swift in Sources */ = {isa = PBXBuildFile; fileRef = 6FA38E0823582AD300193755 /* ErrorObserver.swift */; };
		6FA38E4A23582AD300193755 /* Event.swift in Sources */ = {isa = PBXBuildFile; fileRef = 6FA38E0923582AD300193755 /* Event.swift */; };
		6FA38E4B23582AD300193755 /* CacheableUserFlags.swift in Sources */ = {isa = PBXBuildFile; fileRef = 6FA38E0B23582AD300193755 /* CacheableUserFlags.swift */; };
		6FA38E4C23582AD300193755 /* LDUser.swift in Sources */ = {isa = PBXBuildFile; fileRef = 6FA38E0C23582AD300193755 /* LDUser.swift */; };
		6FA38E4D23582AD300193755 /* EventTrackingContext.swift in Sources */ = {isa = PBXBuildFile; fileRef = 6FA38E0E23582AD300193755 /* EventTrackingContext.swift */; };
		6FA38E4E23582AD300193755 /* LDFlagBaseTypeConvertible.swift in Sources */ = {isa = PBXBuildFile; fileRef = 6FA38E1023582AD300193755 /* LDFlagBaseTypeConvertible.swift */; };
		6FA38E4F23582AD300193755 /* LDFlagValue.swift in Sources */ = {isa = PBXBuildFile; fileRef = 6FA38E1123582AD300193755 /* LDFlagValue.swift */; };
		6FA38E5023582AD300193755 /* LDFlagValueConvertible.swift in Sources */ = {isa = PBXBuildFile; fileRef = 6FA38E1223582AD300193755 /* LDFlagValueConvertible.swift */; };
		6FA38E5123582AD300193755 /* FlagChangeObserver.swift in Sources */ = {isa = PBXBuildFile; fileRef = 6FA38E1423582AD300193755 /* FlagChangeObserver.swift */; };
		6FA38E5223582AD300193755 /* FlagsUnchangedObserver.swift in Sources */ = {isa = PBXBuildFile; fileRef = 6FA38E1523582AD300193755 /* FlagsUnchangedObserver.swift */; };
		6FA38E5323582AD300193755 /* LDChangedFlag.swift in Sources */ = {isa = PBXBuildFile; fileRef = 6FA38E1623582AD300193755 /* LDChangedFlag.swift */; };
		6FA38E5423582AD300193755 /* FlagCounter.swift in Sources */ = {isa = PBXBuildFile; fileRef = 6FA38E1823582AD300193755 /* FlagCounter.swift */; };
		6FA38E5523582AD300193755 /* FlagValueCounter.swift in Sources */ = {isa = PBXBuildFile; fileRef = 6FA38E1923582AD300193755 /* FlagValueCounter.swift */; };
		6FA38E5623582AD300193755 /* FlagRequestTracker.swift in Sources */ = {isa = PBXBuildFile; fileRef = 6FA38E1A23582AD300193755 /* FlagRequestTracker.swift */; };
		6FA38E5723582AD300193755 /* FeatureFlag.swift in Sources */ = {isa = PBXBuildFile; fileRef = 6FA38E1B23582AD300193755 /* FeatureFlag.swift */; };
		6FA38E5823582AD300193755 /* LDConfig.swift in Sources */ = {isa = PBXBuildFile; fileRef = 6FA38E1C23582AD300193755 /* LDConfig.swift */; };
		6FA38E5923582AD300193755 /* AnyComparer.swift in Sources */ = {isa = PBXBuildFile; fileRef = 6FA38E1E23582AD300193755 /* AnyComparer.swift */; };
		6FA38E5A23582AD300193755 /* Date.swift in Sources */ = {isa = PBXBuildFile; fileRef = 6FA38E1F23582AD300193755 /* Date.swift */; };
		6FA38E5B23582AD300193755 /* Array.swift in Sources */ = {isa = PBXBuildFile; fileRef = 6FA38E2023582AD300193755 /* Array.swift */; };
		6FA38E5C23582AD300193755 /* Data.swift in Sources */ = {isa = PBXBuildFile; fileRef = 6FA38E2123582AD300193755 /* Data.swift */; };
		6FA38E5D23582AD300193755 /* JSONSerialization.swift in Sources */ = {isa = PBXBuildFile; fileRef = 6FA38E2223582AD300193755 /* JSONSerialization.swift */; };
		6FA38E5E23582AD300193755 /* Thread.swift in Sources */ = {isa = PBXBuildFile; fileRef = 6FA38E2323582AD300193755 /* Thread.swift */; };
		6FA38E5F23582AD300193755 /* Dictionary.swift in Sources */ = {isa = PBXBuildFile; fileRef = 6FA38E2423582AD300193755 /* Dictionary.swift */; };
		6FA38E6023582AD300193755 /* DateFormatter.swift in Sources */ = {isa = PBXBuildFile; fileRef = 6FA38E2523582AD300193755 /* DateFormatter.swift */; };
		6FA38E6123582AD300193755 /* Optional.swift in Sources */ = {isa = PBXBuildFile; fileRef = 6FA38E2623582AD300193755 /* Optional.swift */; };
		6FA38E6223582AD300193755 /* Throttler.swift in Sources */ = {isa = PBXBuildFile; fileRef = 6FA38E2823582AD300193755 /* Throttler.swift */; };
		6FA38E6323582AD300193755 /* EnvironmentReporter.swift in Sources */ = {isa = PBXBuildFile; fileRef = 6FA38E2923582AD300193755 /* EnvironmentReporter.swift */; };
		6FA38E6423582AD300193755 /* Log.swift in Sources */ = {isa = PBXBuildFile; fileRef = 6FA38E2A23582AD300193755 /* Log.swift */; };
		6FA38E6523582AD300193755 /* ClientServiceFactory.swift in Sources */ = {isa = PBXBuildFile; fileRef = 6FA38E2B23582AD300193755 /* ClientServiceFactory.swift */; };
		6FA38E6623582AD300193755 /* CwlSysctl.swift in Sources */ = {isa = PBXBuildFile; fileRef = 6FA38E2C23582AD300193755 /* CwlSysctl.swift */; };
		6FA38E6723582AD300193755 /* UserCacheConverter.swift in Sources */ = {isa = PBXBuildFile; fileRef = 6FA38E2D23582AD300193755 /* UserCacheConverter.swift */; };
		6FA38E6823582AD300193755 /* KeyedValueCache.swift in Sources */ = {isa = PBXBuildFile; fileRef = 6FA38E2E23582AD300193755 /* KeyedValueCache.swift */; };
		6FA38E6923582AD300193755 /* FlagStore.swift in Sources */ = {isa = PBXBuildFile; fileRef = 6FA38E2F23582AD300193755 /* FlagStore.swift */; };
		6FA38E6A23582AD300193755 /* EventReporter.swift in Sources */ = {isa = PBXBuildFile; fileRef = 6FA38E3023582AD300193755 /* EventReporter.swift */; };
		6FA38E6B23582AD300193755 /* FlagChangeNotifier.swift in Sources */ = {isa = PBXBuildFile; fileRef = 6FA38E3123582AD300193755 /* FlagChangeNotifier.swift */; };
		6FA38E6C23582AD300193755 /* ErrorNotifier.swift in Sources */ = {isa = PBXBuildFile; fileRef = 6FA38E3223582AD300193755 /* ErrorNotifier.swift */; };
		6FA38E6D23582AD300193755 /* FlagSynchronizer.swift in Sources */ = {isa = PBXBuildFile; fileRef = 6FA38E3323582AD300193755 /* FlagSynchronizer.swift */; };
		6FA38E6E23582AD300193755 /* LDTimer.swift in Sources */ = {isa = PBXBuildFile; fileRef = 6FA38E3423582AD300193755 /* LDTimer.swift */; };
		6FA38E6F23582AD300193755 /* FlagCollectionCache.swift in Sources */ = {isa = PBXBuildFile; fileRef = 6FA38E3523582AD300193755 /* FlagCollectionCache.swift */; };
		6FA38E7023582AD300193755 /* UserFlagCache.swift in Sources */ = {isa = PBXBuildFile; fileRef = 6FA38E3623582AD300193755 /* UserFlagCache.swift */; };
		6FA38E7123582AD300193755 /* LDCommon.swift in Sources */ = {isa = PBXBuildFile; fileRef = 6FA38E3A23582AD300193755 /* LDCommon.swift */; };
		6FA38E7223582AD300193755 /* ObjcLDChangedFlag.swift in Sources */ = {isa = PBXBuildFile; fileRef = 6FA38E3C23582AD300193755 /* ObjcLDChangedFlag.swift */; };
		6FA38E7323582AD300193755 /* ObjcLDUser.swift in Sources */ = {isa = PBXBuildFile; fileRef = 6FA38E3D23582AD300193755 /* ObjcLDUser.swift */; };
		6FA38E7423582AD300193755 /* ObjcLDConfig.swift in Sources */ = {isa = PBXBuildFile; fileRef = 6FA38E3E23582AD300193755 /* ObjcLDConfig.swift */; };
		6FA38E7523582AD300193755 /* ObjcLDVariationValue.swift in Sources */ = {isa = PBXBuildFile; fileRef = 6FA38E3F23582AD300193755 /* ObjcLDVariationValue.swift */; };
		6FA38E7623582AD300193755 /* ObjcLDClient.swift in Sources */ = {isa = PBXBuildFile; fileRef = 6FA38E4023582AD300193755 /* ObjcLDClient.swift */; };
		6FA38E7723582AD300193755 /* ObjcLDFlagValue.swift in Sources */ = {isa = PBXBuildFile; fileRef = 6FA38E4123582AD300193755 /* ObjcLDFlagValue.swift */; };
		6FA38E7823582AD300193755 /* mocks.generated.swift in Sources */ = {isa = PBXBuildFile; fileRef = 6FA38E4323582AD300193755 /* mocks.generated.swift */; };
		B3E7B58A1CC2AC0600A0062D /* LaunchdarklyReactNativeClientBridge.m in Sources */ = {isa = PBXBuildFile; fileRef = B3E7B5891CC2AC0600A0062D /* LaunchdarklyReactNativeClientBridge.m */; };
		E37168AA21B8A83A00136B19 /* LaunchdarklyReactNativeClient-Bridging-Header.h in Sources */ = {isa = PBXBuildFile; fileRef = E392B3342199F9F6008024E9 /* LaunchdarklyReactNativeClient-Bridging-Header.h */; };
		E37654422199FCB300627B66 /* LaunchdarklyReactNativeClient.swift in Sources */ = {isa = PBXBuildFile; fileRef = E37654412199FCB300627B66 /* LaunchdarklyReactNativeClient.swift */; };
/* End PBXBuildFile section */

/* Begin PBXCopyFilesBuildPhase section */
		58B511D91A9E6C8500147676 /* CopyFiles */ = {
			isa = PBXCopyFilesBuildPhase;
			buildActionMask = 2147483647;
			dstPath = "include/$(PRODUCT_NAME)";
			dstSubfolderSpec = 16;
			files = (
			);
			runOnlyForDeploymentPostprocessing = 0;
		};
/* End PBXCopyFilesBuildPhase section */

/* Begin PBXFileReference section */
		6FA38E0223582AD300193755 /* HTTPHeaders.swift */ = {isa = PBXFileReference; fileEncoding = 4; lastKnownFileType = sourcecode.swift; path = HTTPHeaders.swift; sourceTree = "<group>"; };
		6FA38E0323582AD300193755 /* HTTPURLResponse.swift */ = {isa = PBXFileReference; fileEncoding = 4; lastKnownFileType = sourcecode.swift; path = HTTPURLResponse.swift; sourceTree = "<group>"; };
		6FA38E0423582AD300193755 /* DarklyService.swift */ = {isa = PBXFileReference; fileEncoding = 4; lastKnownFileType = sourcecode.swift; path = DarklyService.swift; sourceTree = "<group>"; };
		6FA38E0523582AD300193755 /* HTTPURLRequest.swift */ = {isa = PBXFileReference; fileEncoding = 4; lastKnownFileType = sourcecode.swift; path = HTTPURLRequest.swift; sourceTree = "<group>"; };
		6FA38E0623582AD300193755 /* LDClient.swift */ = {isa = PBXFileReference; fileEncoding = 4; lastKnownFileType = sourcecode.swift; path = LDClient.swift; sourceTree = "<group>"; };
		6FA38E0823582AD300193755 /* ErrorObserver.swift */ = {isa = PBXFileReference; fileEncoding = 4; lastKnownFileType = sourcecode.swift; path = ErrorObserver.swift; sourceTree = "<group>"; };
		6FA38E0923582AD300193755 /* Event.swift */ = {isa = PBXFileReference; fileEncoding = 4; lastKnownFileType = sourcecode.swift; path = Event.swift; sourceTree = "<group>"; };
		6FA38E0B23582AD300193755 /* CacheableUserFlags.swift */ = {isa = PBXFileReference; fileEncoding = 4; lastKnownFileType = sourcecode.swift; path = CacheableUserFlags.swift; sourceTree = "<group>"; };
		6FA38E0C23582AD300193755 /* LDUser.swift */ = {isa = PBXFileReference; fileEncoding = 4; lastKnownFileType = sourcecode.swift; path = LDUser.swift; sourceTree = "<group>"; };
		6FA38E0E23582AD300193755 /* EventTrackingContext.swift */ = {isa = PBXFileReference; fileEncoding = 4; lastKnownFileType = sourcecode.swift; path = EventTrackingContext.swift; sourceTree = "<group>"; };
		6FA38E1023582AD300193755 /* LDFlagBaseTypeConvertible.swift */ = {isa = PBXFileReference; fileEncoding = 4; lastKnownFileType = sourcecode.swift; path = LDFlagBaseTypeConvertible.swift; sourceTree = "<group>"; };
		6FA38E1123582AD300193755 /* LDFlagValue.swift */ = {isa = PBXFileReference; fileEncoding = 4; lastKnownFileType = sourcecode.swift; path = LDFlagValue.swift; sourceTree = "<group>"; };
		6FA38E1223582AD300193755 /* LDFlagValueConvertible.swift */ = {isa = PBXFileReference; fileEncoding = 4; lastKnownFileType = sourcecode.swift; path = LDFlagValueConvertible.swift; sourceTree = "<group>"; };
		6FA38E1423582AD300193755 /* FlagChangeObserver.swift */ = {isa = PBXFileReference; fileEncoding = 4; lastKnownFileType = sourcecode.swift; path = FlagChangeObserver.swift; sourceTree = "<group>"; };
		6FA38E1523582AD300193755 /* FlagsUnchangedObserver.swift */ = {isa = PBXFileReference; fileEncoding = 4; lastKnownFileType = sourcecode.swift; path = FlagsUnchangedObserver.swift; sourceTree = "<group>"; };
		6FA38E1623582AD300193755 /* LDChangedFlag.swift */ = {isa = PBXFileReference; fileEncoding = 4; lastKnownFileType = sourcecode.swift; path = LDChangedFlag.swift; sourceTree = "<group>"; };
		6FA38E1823582AD300193755 /* FlagCounter.swift */ = {isa = PBXFileReference; fileEncoding = 4; lastKnownFileType = sourcecode.swift; path = FlagCounter.swift; sourceTree = "<group>"; };
		6FA38E1923582AD300193755 /* FlagValueCounter.swift */ = {isa = PBXFileReference; fileEncoding = 4; lastKnownFileType = sourcecode.swift; path = FlagValueCounter.swift; sourceTree = "<group>"; };
		6FA38E1A23582AD300193755 /* FlagRequestTracker.swift */ = {isa = PBXFileReference; fileEncoding = 4; lastKnownFileType = sourcecode.swift; path = FlagRequestTracker.swift; sourceTree = "<group>"; };
		6FA38E1B23582AD300193755 /* FeatureFlag.swift */ = {isa = PBXFileReference; fileEncoding = 4; lastKnownFileType = sourcecode.swift; path = FeatureFlag.swift; sourceTree = "<group>"; };
		6FA38E1C23582AD300193755 /* LDConfig.swift */ = {isa = PBXFileReference; fileEncoding = 4; lastKnownFileType = sourcecode.swift; path = LDConfig.swift; sourceTree = "<group>"; };
		6FA38E1E23582AD300193755 /* AnyComparer.swift */ = {isa = PBXFileReference; fileEncoding = 4; lastKnownFileType = sourcecode.swift; path = AnyComparer.swift; sourceTree = "<group>"; };
		6FA38E1F23582AD300193755 /* Date.swift */ = {isa = PBXFileReference; fileEncoding = 4; lastKnownFileType = sourcecode.swift; path = Date.swift; sourceTree = "<group>"; };
		6FA38E2023582AD300193755 /* Array.swift */ = {isa = PBXFileReference; fileEncoding = 4; lastKnownFileType = sourcecode.swift; path = Array.swift; sourceTree = "<group>"; };
		6FA38E2123582AD300193755 /* Data.swift */ = {isa = PBXFileReference; fileEncoding = 4; lastKnownFileType = sourcecode.swift; path = Data.swift; sourceTree = "<group>"; };
		6FA38E2223582AD300193755 /* JSONSerialization.swift */ = {isa = PBXFileReference; fileEncoding = 4; lastKnownFileType = sourcecode.swift; path = JSONSerialization.swift; sourceTree = "<group>"; };
		6FA38E2323582AD300193755 /* Thread.swift */ = {isa = PBXFileReference; fileEncoding = 4; lastKnownFileType = sourcecode.swift; path = Thread.swift; sourceTree = "<group>"; };
		6FA38E2423582AD300193755 /* Dictionary.swift */ = {isa = PBXFileReference; fileEncoding = 4; lastKnownFileType = sourcecode.swift; path = Dictionary.swift; sourceTree = "<group>"; };
		6FA38E2523582AD300193755 /* DateFormatter.swift */ = {isa = PBXFileReference; fileEncoding = 4; lastKnownFileType = sourcecode.swift; path = DateFormatter.swift; sourceTree = "<group>"; };
		6FA38E2623582AD300193755 /* Optional.swift */ = {isa = PBXFileReference; fileEncoding = 4; lastKnownFileType = sourcecode.swift; path = Optional.swift; sourceTree = "<group>"; };
		6FA38E2823582AD300193755 /* Throttler.swift */ = {isa = PBXFileReference; fileEncoding = 4; lastKnownFileType = sourcecode.swift; path = Throttler.swift; sourceTree = "<group>"; };
		6FA38E2923582AD300193755 /* EnvironmentReporter.swift */ = {isa = PBXFileReference; fileEncoding = 4; lastKnownFileType = sourcecode.swift; path = EnvironmentReporter.swift; sourceTree = "<group>"; };
		6FA38E2A23582AD300193755 /* Log.swift */ = {isa = PBXFileReference; fileEncoding = 4; lastKnownFileType = sourcecode.swift; path = Log.swift; sourceTree = "<group>"; };
		6FA38E2B23582AD300193755 /* ClientServiceFactory.swift */ = {isa = PBXFileReference; fileEncoding = 4; lastKnownFileType = sourcecode.swift; path = ClientServiceFactory.swift; sourceTree = "<group>"; };
		6FA38E2C23582AD300193755 /* CwlSysctl.swift */ = {isa = PBXFileReference; fileEncoding = 4; lastKnownFileType = sourcecode.swift; path = CwlSysctl.swift; sourceTree = "<group>"; };
		6FA38E2D23582AD300193755 /* UserCacheConverter.swift */ = {isa = PBXFileReference; fileEncoding = 4; lastKnownFileType = sourcecode.swift; path = UserCacheConverter.swift; sourceTree = "<group>"; };
		6FA38E2E23582AD300193755 /* KeyedValueCache.swift */ = {isa = PBXFileReference; fileEncoding = 4; lastKnownFileType = sourcecode.swift; path = KeyedValueCache.swift; sourceTree = "<group>"; };
		6FA38E2F23582AD300193755 /* FlagStore.swift */ = {isa = PBXFileReference; fileEncoding = 4; lastKnownFileType = sourcecode.swift; path = FlagStore.swift; sourceTree = "<group>"; };
		6FA38E3023582AD300193755 /* EventReporter.swift */ = {isa = PBXFileReference; fileEncoding = 4; lastKnownFileType = sourcecode.swift; path = EventReporter.swift; sourceTree = "<group>"; };
		6FA38E3123582AD300193755 /* FlagChangeNotifier.swift */ = {isa = PBXFileReference; fileEncoding = 4; lastKnownFileType = sourcecode.swift; path = FlagChangeNotifier.swift; sourceTree = "<group>"; };
		6FA38E3223582AD300193755 /* ErrorNotifier.swift */ = {isa = PBXFileReference; fileEncoding = 4; lastKnownFileType = sourcecode.swift; path = ErrorNotifier.swift; sourceTree = "<group>"; };
		6FA38E3323582AD300193755 /* FlagSynchronizer.swift */ = {isa = PBXFileReference; fileEncoding = 4; lastKnownFileType = sourcecode.swift; path = FlagSynchronizer.swift; sourceTree = "<group>"; };
		6FA38E3423582AD300193755 /* LDTimer.swift */ = {isa = PBXFileReference; fileEncoding = 4; lastKnownFileType = sourcecode.swift; path = LDTimer.swift; sourceTree = "<group>"; };
		6FA38E3523582AD300193755 /* FlagCollectionCache.swift */ = {isa = PBXFileReference; fileEncoding = 4; lastKnownFileType = sourcecode.swift; path = FlagCollectionCache.swift; sourceTree = "<group>"; };
		6FA38E3623582AD300193755 /* UserFlagCache.swift */ = {isa = PBXFileReference; fileEncoding = 4; lastKnownFileType = sourcecode.swift; path = UserFlagCache.swift; sourceTree = "<group>"; };
		6FA38E3823582AD300193755 /* LaunchDarkly.h */ = {isa = PBXFileReference; fileEncoding = 4; lastKnownFileType = sourcecode.c.h; path = LaunchDarkly.h; sourceTree = "<group>"; };
		6FA38E3923582AD300193755 /* Info.plist */ = {isa = PBXFileReference; fileEncoding = 4; lastKnownFileType = text.plist.xml; path = Info.plist; sourceTree = "<group>"; };
		6FA38E3A23582AD300193755 /* LDCommon.swift */ = {isa = PBXFileReference; fileEncoding = 4; lastKnownFileType = sourcecode.swift; path = LDCommon.swift; sourceTree = "<group>"; };
		6FA38E3C23582AD300193755 /* ObjcLDChangedFlag.swift */ = {isa = PBXFileReference; fileEncoding = 4; lastKnownFileType = sourcecode.swift; path = ObjcLDChangedFlag.swift; sourceTree = "<group>"; };
		6FA38E3D23582AD300193755 /* ObjcLDUser.swift */ = {isa = PBXFileReference; fileEncoding = 4; lastKnownFileType = sourcecode.swift; path = ObjcLDUser.swift; sourceTree = "<group>"; };
		6FA38E3E23582AD300193755 /* ObjcLDConfig.swift */ = {isa = PBXFileReference; fileEncoding = 4; lastKnownFileType = sourcecode.swift; path = ObjcLDConfig.swift; sourceTree = "<group>"; };
		6FA38E3F23582AD300193755 /* ObjcLDVariationValue.swift */ = {isa = PBXFileReference; fileEncoding = 4; lastKnownFileType = sourcecode.swift; path = ObjcLDVariationValue.swift; sourceTree = "<group>"; };
		6FA38E4023582AD300193755 /* ObjcLDClient.swift */ = {isa = PBXFileReference; fileEncoding = 4; lastKnownFileType = sourcecode.swift; path = ObjcLDClient.swift; sourceTree = "<group>"; };
		6FA38E4123582AD300193755 /* ObjcLDFlagValue.swift */ = {isa = PBXFileReference; fileEncoding = 4; lastKnownFileType = sourcecode.swift; path = ObjcLDFlagValue.swift; sourceTree = "<group>"; };
		6FA38E4323582AD300193755 /* mocks.generated.swift */ = {isa = PBXFileReference; fileEncoding = 4; lastKnownFileType = sourcecode.swift; path = mocks.generated.swift; sourceTree = "<group>"; };
		B3E7B5891CC2AC0600A0062D /* LaunchdarklyReactNativeClientBridge.m */ = {isa = PBXFileReference; fileEncoding = 4; lastKnownFileType = sourcecode.c.objc; path = LaunchdarklyReactNativeClientBridge.m; sourceTree = "<group>"; };
		E371682721B88E9C00136B19 /* libLaunchdarklyReactNativeClient.a */ = {isa = PBXFileReference; explicitFileType = archive.ar; includeInIndex = 0; path = libLaunchdarklyReactNativeClient.a; sourceTree = BUILT_PRODUCTS_DIR; };
		E37654412199FCB300627B66 /* LaunchdarklyReactNativeClient.swift */ = {isa = PBXFileReference; fileEncoding = 4; lastKnownFileType = sourcecode.swift; path = LaunchdarklyReactNativeClient.swift; sourceTree = "<group>"; };
		E392B3342199F9F6008024E9 /* LaunchdarklyReactNativeClient-Bridging-Header.h */ = {isa = PBXFileReference; lastKnownFileType = sourcecode.c.h; path = "LaunchdarklyReactNativeClient-Bridging-Header.h"; sourceTree = "<group>"; };
/* End PBXFileReference section */

/* Begin PBXFrameworksBuildPhase section */
		58B511D81A9E6C8500147676 /* Frameworks */ = {
			isa = PBXFrameworksBuildPhase;
			buildActionMask = 2147483647;
			files = (
			);
			runOnlyForDeploymentPostprocessing = 0;
		};
/* End PBXFrameworksBuildPhase section */

/* Begin PBXGroup section */
		58B511D21A9E6C8500147676 = {
			isa = PBXGroup;
			children = (
				6FA38DFF23582AD300193755 /* LaunchDarkly */,
				E392B3342199F9F6008024E9 /* LaunchdarklyReactNativeClient-Bridging-Header.h */,
				E37654412199FCB300627B66 /* LaunchdarklyReactNativeClient.swift */,
				B3E7B5891CC2AC0600A0062D /* LaunchdarklyReactNativeClientBridge.m */,
				E371682721B88E9C00136B19 /* libLaunchdarklyReactNativeClient.a */,
			);
			sourceTree = "<group>";
		};
		6FA38DFF23582AD300193755 /* LaunchDarkly */ = {
			isa = PBXGroup;
			children = (
				6FA38E0023582AD300193755 /* LaunchDarkly */,
				6FA38E4223582AD300193755 /* GeneratedCode */,
			);
			path = LaunchDarkly;
			sourceTree = "<group>";
		};
		6FA38E0023582AD300193755 /* LaunchDarkly */ = {
			isa = PBXGroup;
			children = (
				6FA38E0123582AD300193755 /* Networking */,
				6FA38E0623582AD300193755 /* LDClient.swift */,
				6FA38E0723582AD300193755 /* Models */,
				6FA38E1D23582AD300193755 /* Extensions */,
				6FA38E2723582AD300193755 /* Service Objects */,
				6FA38E3723582AD300193755 /* Support */,
				6FA38E3A23582AD300193755 /* LDCommon.swift */,
				6FA38E3B23582AD300193755 /* ObjectiveC */,
			);
			path = LaunchDarkly;
			sourceTree = "<group>";
		};
		6FA38E0123582AD300193755 /* Networking */ = {
			isa = PBXGroup;
			children = (
				6FA38E0223582AD300193755 /* HTTPHeaders.swift */,
				6FA38E0323582AD300193755 /* HTTPURLResponse.swift */,
				6FA38E0423582AD300193755 /* DarklyService.swift */,
				6FA38E0523582AD300193755 /* HTTPURLRequest.swift */,
			);
			path = Networking;
			sourceTree = "<group>";
		};
		6FA38E0723582AD300193755 /* Models */ = {
			isa = PBXGroup;
			children = (
				6FA38E0823582AD300193755 /* ErrorObserver.swift */,
				6FA38E0923582AD300193755 /* Event.swift */,
				6FA38E0A23582AD300193755 /* User */,
				6FA38E0D23582AD300193755 /* FeatureFlag */,
				6FA38E1C23582AD300193755 /* LDConfig.swift */,
			);
			path = Models;
			sourceTree = "<group>";
		};
		6FA38E0A23582AD300193755 /* User */ = {
			isa = PBXGroup;
			children = (
				6FA38E0B23582AD300193755 /* CacheableUserFlags.swift */,
				6FA38E0C23582AD300193755 /* LDUser.swift */,
			);
			path = User;
			sourceTree = "<group>";
		};
		6FA38E0D23582AD300193755 /* FeatureFlag */ = {
			isa = PBXGroup;
			children = (
				6FA38E0E23582AD300193755 /* EventTrackingContext.swift */,
				6FA38E0F23582AD300193755 /* FlagValue */,
				6FA38E1323582AD300193755 /* FlagChange */,
				6FA38E1723582AD300193755 /* FlagRequestTracking */,
				6FA38E1B23582AD300193755 /* FeatureFlag.swift */,
			);
			path = FeatureFlag;
			sourceTree = "<group>";
		};
		6FA38E0F23582AD300193755 /* FlagValue */ = {
			isa = PBXGroup;
			children = (
				6FA38E1023582AD300193755 /* LDFlagBaseTypeConvertible.swift */,
				6FA38E1123582AD300193755 /* LDFlagValue.swift */,
				6FA38E1223582AD300193755 /* LDFlagValueConvertible.swift */,
			);
			path = FlagValue;
			sourceTree = "<group>";
		};
		6FA38E1323582AD300193755 /* FlagChange */ = {
			isa = PBXGroup;
			children = (
				6FA38E1423582AD300193755 /* FlagChangeObserver.swift */,
				6FA38E1523582AD300193755 /* FlagsUnchangedObserver.swift */,
				6FA38E1623582AD300193755 /* LDChangedFlag.swift */,
			);
			path = FlagChange;
			sourceTree = "<group>";
		};
		6FA38E1723582AD300193755 /* FlagRequestTracking */ = {
			isa = PBXGroup;
			children = (
				6FA38E1823582AD300193755 /* FlagCounter.swift */,
				6FA38E1923582AD300193755 /* FlagValueCounter.swift */,
				6FA38E1A23582AD300193755 /* FlagRequestTracker.swift */,
			);
			path = FlagRequestTracking;
			sourceTree = "<group>";
		};
		6FA38E1D23582AD300193755 /* Extensions */ = {
			isa = PBXGroup;
			children = (
				6FA38E1E23582AD300193755 /* AnyComparer.swift */,
				6FA38E1F23582AD300193755 /* Date.swift */,
				6FA38E2023582AD300193755 /* Array.swift */,
				6FA38E2123582AD300193755 /* Data.swift */,
				6FA38E2223582AD300193755 /* JSONSerialization.swift */,
				6FA38E2323582AD300193755 /* Thread.swift */,
				6FA38E2423582AD300193755 /* Dictionary.swift */,
				6FA38E2523582AD300193755 /* DateFormatter.swift */,
				6FA38E2623582AD300193755 /* Optional.swift */,
			);
			path = Extensions;
			sourceTree = "<group>";
		};
		6FA38E2723582AD300193755 /* Service Objects */ = {
			isa = PBXGroup;
			children = (
				6FA38E2823582AD300193755 /* Throttler.swift */,
				6FA38E2923582AD300193755 /* EnvironmentReporter.swift */,
				6FA38E2A23582AD300193755 /* Log.swift */,
				6FA38E2B23582AD300193755 /* ClientServiceFactory.swift */,
				6FA38E2C23582AD300193755 /* CwlSysctl.swift */,
				6FA38E2D23582AD300193755 /* UserCacheConverter.swift */,
				6FA38E2E23582AD300193755 /* KeyedValueCache.swift */,
				6FA38E2F23582AD300193755 /* FlagStore.swift */,
				6FA38E3023582AD300193755 /* EventReporter.swift */,
				6FA38E3123582AD300193755 /* FlagChangeNotifier.swift */,
				6FA38E3223582AD300193755 /* ErrorNotifier.swift */,
				6FA38E3323582AD300193755 /* FlagSynchronizer.swift */,
				6FA38E3423582AD300193755 /* LDTimer.swift */,
				6FA38E3523582AD300193755 /* FlagCollectionCache.swift */,
				6FA38E3623582AD300193755 /* UserFlagCache.swift */,
			);
			path = "Service Objects";
			sourceTree = "<group>";
		};
		6FA38E3723582AD300193755 /* Support */ = {
			isa = PBXGroup;
			children = (
				6FA38E3823582AD300193755 /* LaunchDarkly.h */,
				6FA38E3923582AD300193755 /* Info.plist */,
			);
			path = Support;
			sourceTree = "<group>";
		};
		6FA38E3B23582AD300193755 /* ObjectiveC */ = {
			isa = PBXGroup;
			children = (
				6FA38E3C23582AD300193755 /* ObjcLDChangedFlag.swift */,
				6FA38E3D23582AD300193755 /* ObjcLDUser.swift */,
				6FA38E3E23582AD300193755 /* ObjcLDConfig.swift */,
				6FA38E3F23582AD300193755 /* ObjcLDVariationValue.swift */,
				6FA38E4023582AD300193755 /* ObjcLDClient.swift */,
				6FA38E4123582AD300193755 /* ObjcLDFlagValue.swift */,
			);
			path = ObjectiveC;
			sourceTree = "<group>";
		};
		6FA38E4223582AD300193755 /* GeneratedCode */ = {
			isa = PBXGroup;
			children = (
				6FA38E4323582AD300193755 /* mocks.generated.swift */,
			);
			path = GeneratedCode;
			sourceTree = "<group>";
		};
/* End PBXGroup section */

/* Begin PBXNativeTarget section */
		58B511DA1A9E6C8500147676 /* LaunchdarklyReactNativeClient */ = {
			isa = PBXNativeTarget;
			buildConfigurationList = 58B511EF1A9E6C8500147676 /* Build configuration list for PBXNativeTarget "LaunchdarklyReactNativeClient" */;
			buildPhases = (
				58B511D71A9E6C8500147676 /* Sources */,
				58B511D81A9E6C8500147676 /* Frameworks */,
				58B511D91A9E6C8500147676 /* CopyFiles */,
			);
			buildRules = (
			);
			dependencies = (
			);
			name = LaunchdarklyReactNativeClient;
			productName = RCTDataManager;
			productReference = E371682721B88E9C00136B19 /* libLaunchdarklyReactNativeClient.a */;
			productType = "com.apple.product-type.library.static";
		};
/* End PBXNativeTarget section */

/* Begin PBXProject section */
		58B511D31A9E6C8500147676 /* Project object */ = {
			isa = PBXProject;
			attributes = {
				LastUpgradeCheck = 1010;
				ORGANIZATIONNAME = Facebook;
				TargetAttributes = {
					58B511DA1A9E6C8500147676 = {
						CreatedOnToolsVersion = 6.1.1;
						LastSwiftMigration = 0820;
					};
				};
			};
			buildConfigurationList = 58B511D61A9E6C8500147676 /* Build configuration list for PBXProject "LaunchdarklyReactNativeClient" */;
			compatibilityVersion = "Xcode 3.2";
			developmentRegion = English;
			hasScannedForEncodings = 0;
			knownRegions = (
				en,
			);
			mainGroup = 58B511D21A9E6C8500147676;
			productRefGroup = 58B511D21A9E6C8500147676;
			projectDirPath = "";
			projectRoot = "";
			targets = (
				58B511DA1A9E6C8500147676 /* LaunchdarklyReactNativeClient */,
			);
		};
/* End PBXProject section */

/* Begin PBXSourcesBuildPhase section */
		58B511D71A9E6C8500147676 /* Sources */ = {
			isa = PBXSourcesBuildPhase;
			buildActionMask = 2147483647;
			files = (
				6FA38E6023582AD300193755 /* DateFormatter.swift in Sources */,
				6FA38E7423582AD300193755 /* ObjcLDConfig.swift in Sources */,
				6FA38E7823582AD300193755 /* mocks.generated.swift in Sources */,
				6FA38E4823582AD300193755 /* LDClient.swift in Sources */,
				6FA38E6423582AD300193755 /* Log.swift in Sources */,
				6FA38E5E23582AD300193755 /* Thread.swift in Sources */,
				6FA38E6C23582AD300193755 /* ErrorNotifier.swift in Sources */,
				6FA38E6E23582AD300193755 /* LDTimer.swift in Sources */,
				6FA38E6F23582AD300193755 /* FlagCollectionCache.swift in Sources */,
				6FA38E7623582AD300193755 /* ObjcLDClient.swift in Sources */,
				6FA38E4D23582AD300193755 /* EventTrackingContext.swift in Sources */,
				6FA38E5423582AD300193755 /* FlagCounter.swift in Sources */,
				6FA38E4423582AD300193755 /* HTTPHeaders.swift in Sources */,
				6FA38E4C23582AD300193755 /* LDUser.swift in Sources */,
				6FA38E7023582AD300193755 /* UserFlagCache.swift in Sources */,
				6FA38E4723582AD300193755 /* HTTPURLRequest.swift in Sources */,
				6FA38E6523582AD300193755 /* ClientServiceFactory.swift in Sources */,
				E37168AA21B8A83A00136B19 /* LaunchdarklyReactNativeClient-Bridging-Header.h in Sources */,
				6FA38E5C23582AD300193755 /* Data.swift in Sources */,
				6FA38E4A23582AD300193755 /* Event.swift in Sources */,
				6FA38E5523582AD300193755 /* FlagValueCounter.swift in Sources */,
				6FA38E5F23582AD300193755 /* Dictionary.swift in Sources */,
				6FA38E5B23582AD300193755 /* Array.swift in Sources */,
				6FA38E6923582AD300193755 /* FlagStore.swift in Sources */,
				6FA38E6323582AD300193755 /* EnvironmentReporter.swift in Sources */,
				6FA38E7723582AD300193755 /* ObjcLDFlagValue.swift in Sources */,
				6FA38E7223582AD300193755 /* ObjcLDChangedFlag.swift in Sources */,
				6FA38E6D23582AD300193755 /* FlagSynchronizer.swift in Sources */,
				6FA38E5323582AD300193755 /* LDChangedFlag.swift in Sources */,
				6FA38E5923582AD300193755 /* AnyComparer.swift in Sources */,
				6FA38E5A23582AD300193755 /* Date.swift in Sources */,
				6FA38E4923582AD300193755 /* ErrorObserver.swift in Sources */,
				6FA38E7123582AD300193755 /* LDCommon.swift in Sources */,
				6FA38E4E23582AD300193755 /* LDFlagBaseTypeConvertible.swift in Sources */,
				6FA38E6A23582AD300193755 /* EventReporter.swift in Sources */,
				6FA38E7523582AD300193755 /* ObjcLDVariationValue.swift in Sources */,
				6FA38E4B23582AD300193755 /* CacheableUserFlags.swift in Sources */,
				6FA38E6723582AD300193755 /* UserCacheConverter.swift in Sources */,
				6FA38E4623582AD300193755 /* DarklyService.swift in Sources */,
				6FA38E6B23582AD300193755 /* FlagChangeNotifier.swift in Sources */,
				6FA38E5723582AD300193755 /* FeatureFlag.swift in Sources */,
				6FA38E6223582AD300193755 /* Throttler.swift in Sources */,
				6FA38E5823582AD300193755 /* LDConfig.swift in Sources */,
				6FA38E6123582AD300193755 /* Optional.swift in Sources */,
				6FA38E6623582AD300193755 /* CwlSysctl.swift in Sources */,
				6FA38E5023582AD300193755 /* LDFlagValueConvertible.swift in Sources */,
				6FA38E4523582AD300193755 /* HTTPURLResponse.swift in Sources */,
				B3E7B58A1CC2AC0600A0062D /* LaunchdarklyReactNativeClientBridge.m in Sources */,
				6FA38E7323582AD300193755 /* ObjcLDUser.swift in Sources */,
				6FA38E5D23582AD300193755 /* JSONSerialization.swift in Sources */,
				6FA38E4F23582AD300193755 /* LDFlagValue.swift in Sources */,
				6FA38E6823582AD300193755 /* KeyedValueCache.swift in Sources */,
				6FA38E5223582AD300193755 /* FlagsUnchangedObserver.swift in Sources */,
				E37654422199FCB300627B66 /* LaunchdarklyReactNativeClient.swift in Sources */,
				6FA38E5623582AD300193755 /* FlagRequestTracker.swift in Sources */,
				6FA38E5123582AD300193755 /* FlagChangeObserver.swift in Sources */,
			);
			runOnlyForDeploymentPostprocessing = 0;
		};
/* End PBXSourcesBuildPhase section */

/* Begin XCBuildConfiguration section */
		58B511ED1A9E6C8500147676 /* Debug */ = {
			isa = XCBuildConfiguration;
			buildSettings = {
				ALWAYS_SEARCH_USER_PATHS = NO;
				CLANG_CXX_LANGUAGE_STANDARD = "gnu++0x";
				CLANG_CXX_LIBRARY = "libc++";
				CLANG_ENABLE_MODULES = YES;
				CLANG_ENABLE_OBJC_ARC = YES;
				CLANG_WARN_BLOCK_CAPTURE_AUTORELEASING = YES;
				CLANG_WARN_BOOL_CONVERSION = YES;
				CLANG_WARN_COMMA = YES;
				CLANG_WARN_CONSTANT_CONVERSION = YES;
				CLANG_WARN_DEPRECATED_OBJC_IMPLEMENTATIONS = YES;
				CLANG_WARN_DIRECT_OBJC_ISA_USAGE = YES_ERROR;
				CLANG_WARN_EMPTY_BODY = YES;
				CLANG_WARN_ENUM_CONVERSION = YES;
				CLANG_WARN_INFINITE_RECURSION = YES;
				CLANG_WARN_INT_CONVERSION = YES;
				CLANG_WARN_NON_LITERAL_NULL_CONVERSION = YES;
				CLANG_WARN_OBJC_IMPLICIT_RETAIN_SELF = YES;
				CLANG_WARN_OBJC_LITERAL_CONVERSION = YES;
				CLANG_WARN_OBJC_ROOT_CLASS = YES_ERROR;
				CLANG_WARN_RANGE_LOOP_ANALYSIS = YES;
				CLANG_WARN_STRICT_PROTOTYPES = YES;
				CLANG_WARN_SUSPICIOUS_MOVE = YES;
				CLANG_WARN_UNREACHABLE_CODE = YES;
				CLANG_WARN__DUPLICATE_METHOD_MATCH = YES;
				COPY_PHASE_STRIP = NO;
				ENABLE_STRICT_OBJC_MSGSEND = YES;
				ENABLE_TESTABILITY = YES;
				FRAMEWORK_SEARCH_PATHS = "$(SRCROOT)/../../../ios/Pods/**";
				GCC_C_LANGUAGE_STANDARD = gnu99;
				GCC_DYNAMIC_NO_PIC = NO;
				GCC_NO_COMMON_BLOCKS = YES;
				GCC_OPTIMIZATION_LEVEL = 0;
				GCC_PREPROCESSOR_DEFINITIONS = (
					"DEBUG=1",
					"$(inherited)",
				);
				GCC_SYMBOLS_PRIVATE_EXTERN = NO;
				GCC_WARN_64_TO_32_BIT_CONVERSION = YES;
				GCC_WARN_ABOUT_RETURN_TYPE = YES_ERROR;
				GCC_WARN_UNDECLARED_SELECTOR = YES;
				GCC_WARN_UNINITIALIZED_AUTOS = YES_AGGRESSIVE;
				GCC_WARN_UNUSED_FUNCTION = YES;
				GCC_WARN_UNUSED_VARIABLE = YES;
				HEADER_SEARCH_PATHS = (
					"$(SRCROOT)/../../../ios/Pods/**",
					"$(SRCROOT)/../../../React/**",
					"$(SRCROOT)/../../react-native/React/**",
				);
				IPHONEOS_DEPLOYMENT_TARGET = 8.0;
				MTL_ENABLE_DEBUG_INFO = YES;
				ONLY_ACTIVE_ARCH = YES;
				SDKROOT = iphoneos;
			};
			name = Debug;
		};
		58B511EE1A9E6C8500147676 /* Release */ = {
			isa = XCBuildConfiguration;
			buildSettings = {
				ALWAYS_SEARCH_USER_PATHS = NO;
				CLANG_CXX_LANGUAGE_STANDARD = "gnu++0x";
				CLANG_CXX_LIBRARY = "libc++";
				CLANG_ENABLE_MODULES = YES;
				CLANG_ENABLE_OBJC_ARC = YES;
				CLANG_WARN_BLOCK_CAPTURE_AUTORELEASING = YES;
				CLANG_WARN_BOOL_CONVERSION = YES;
				CLANG_WARN_COMMA = YES;
				CLANG_WARN_CONSTANT_CONVERSION = YES;
				CLANG_WARN_DEPRECATED_OBJC_IMPLEMENTATIONS = YES;
				CLANG_WARN_DIRECT_OBJC_ISA_USAGE = YES_ERROR;
				CLANG_WARN_EMPTY_BODY = YES;
				CLANG_WARN_ENUM_CONVERSION = YES;
				CLANG_WARN_INFINITE_RECURSION = YES;
				CLANG_WARN_INT_CONVERSION = YES;
				CLANG_WARN_NON_LITERAL_NULL_CONVERSION = YES;
				CLANG_WARN_OBJC_IMPLICIT_RETAIN_SELF = YES;
				CLANG_WARN_OBJC_LITERAL_CONVERSION = YES;
				CLANG_WARN_OBJC_ROOT_CLASS = YES_ERROR;
				CLANG_WARN_RANGE_LOOP_ANALYSIS = YES;
				CLANG_WARN_STRICT_PROTOTYPES = YES;
				CLANG_WARN_SUSPICIOUS_MOVE = YES;
				CLANG_WARN_UNREACHABLE_CODE = YES;
				CLANG_WARN__DUPLICATE_METHOD_MATCH = YES;
				COPY_PHASE_STRIP = YES;
				ENABLE_NS_ASSERTIONS = NO;
				ENABLE_STRICT_OBJC_MSGSEND = YES;
				FRAMEWORK_SEARCH_PATHS = "$(SRCROOT)/../../../ios/Pods/**";
				GCC_C_LANGUAGE_STANDARD = gnu99;
				GCC_NO_COMMON_BLOCKS = YES;
				GCC_WARN_64_TO_32_BIT_CONVERSION = YES;
				GCC_WARN_ABOUT_RETURN_TYPE = YES_ERROR;
				GCC_WARN_UNDECLARED_SELECTOR = YES;
				GCC_WARN_UNINITIALIZED_AUTOS = YES_AGGRESSIVE;
				GCC_WARN_UNUSED_FUNCTION = YES;
				GCC_WARN_UNUSED_VARIABLE = YES;
				HEADER_SEARCH_PATHS = (
					"$(SRCROOT)/../../../ios/Pods",
					"$(SRCROOT)/../../../React/**",
					"$(SRCROOT)/../../react-native/React/**",
				);
				IPHONEOS_DEPLOYMENT_TARGET = 8.0;
				MTL_ENABLE_DEBUG_INFO = NO;
				SDKROOT = iphoneos;
				SWIFT_COMPILATION_MODE = wholemodule;
				VALIDATE_PRODUCT = YES;
			};
			name = Release;
		};
		58B511F01A9E6C8500147676 /* Debug */ = {
			isa = XCBuildConfiguration;
			buildSettings = {
				CLANG_ENABLE_MODULES = YES;
				DEAD_CODE_STRIPPING = NO;
				DEFINES_MODULE = YES;
				HEADER_SEARCH_PATHS = (
					"$(inherited)",
					/Applications/Xcode.app/Contents/Developer/Toolchains/XcodeDefault.xctoolchain/usr/include,
					"$(SRCROOT)/../../react-native/React/**",
				);
				LD_RUNPATH_SEARCH_PATHS = "$(inherited) @executable_path/Frameworks @loader_path/Frameworks";
				LIBRARY_SEARCH_PATHS = (
					"$(inherited)",
					"$(SRCROOT)/../../../ios/Pods/**",
				);
				ONLY_ACTIVE_ARCH = YES;
				OTHER_LDFLAGS = (
					"-ObjC",
					"$(inherited)",
				);
				PRODUCT_NAME = LaunchdarklyReactNativeClient;
				SKIP_INSTALL = YES;
				SWIFT_OBJC_BRIDGING_HEADER = "LaunchdarklyReactNativeClient-Bridging-Header.h";
				SWIFT_OPTIMIZATION_LEVEL = "-Onone";
				SWIFT_VERSION = 3.0;
			};
			name = Debug;
		};
		58B511F11A9E6C8500147676 /* Release */ = {
			isa = XCBuildConfiguration;
			buildSettings = {
				CLANG_ENABLE_MODULES = YES;
				DEAD_CODE_STRIPPING = YES;
				DEFINES_MODULE = YES;
				HEADER_SEARCH_PATHS = (
					"$(inherited)",
					/Applications/Xcode.app/Contents/Developer/Toolchains/XcodeDefault.xctoolchain/usr/include,
					"$(SRCROOT)/../../react-native/React/**",
				);
				LD_RUNPATH_SEARCH_PATHS = "$(inherited) @executable_path/Frameworks @loader_path/Frameworks";
				LIBRARY_SEARCH_PATHS = (
					"$(inherited)",
					"$(SRCROOT)/../../../ios/Pods/**",
				);
				OTHER_LDFLAGS = (
					"-ObjC",
					"$(inherited)",
				);
				PRODUCT_NAME = LaunchdarklyReactNativeClient;
				SKIP_INSTALL = YES;
				SWIFT_OBJC_BRIDGING_HEADER = "LaunchdarklyReactNativeClient-Bridging-Header.h";
				SWIFT_VERSION = 3.0;
			};
			name = Release;
		};
/* End XCBuildConfiguration section */

/* Begin XCConfigurationList section */
		58B511D61A9E6C8500147676 /* Build configuration list for PBXProject "LaunchdarklyReactNativeClient" */ = {
			isa = XCConfigurationList;
			buildConfigurations = (
				58B511ED1A9E6C8500147676 /* Debug */,
				58B511EE1A9E6C8500147676 /* Release */,
			);
			defaultConfigurationIsVisible = 0;
			defaultConfigurationName = Release;
		};
		58B511EF1A9E6C8500147676 /* Build configuration list for PBXNativeTarget "LaunchdarklyReactNativeClient" */ = {
			isa = XCConfigurationList;
			buildConfigurations = (
				58B511F01A9E6C8500147676 /* Debug */,
				58B511F11A9E6C8500147676 /* Release */,
			);
			defaultConfigurationIsVisible = 0;
			defaultConfigurationName = Release;
		};
/* End XCConfigurationList section */
	};
	rootObject = 58B511D31A9E6C8500147676 /* Project object */;
}
